
Microsoft Visual Studio Solution File, Format Version 12.00
# Visual Studio Version 17
VisualStudioVersion = 17.10.35122.118
MinimumVisualStudioVersion = 10.0.40219.1
Project("{F2A71F9B-5D33-465A-A702-920D77279786}") = "WebSharper.Capacitor.CapGo", "WebSharper.Capacitor.CapGo\WebSharper.Capacitor.CapGo.fsproj", "{27CF73E9-0B81-476C-BC0E-C9E16799D667}"
EndProject
Project("{F2A71F9B-5D33-465A-A702-920D77279786}") = "WebSharper.Capacitor.CapGo.Sample", "WebSharper.Capacitor.CapGo.Sample\WebSharper.Capacitor.CapGo.Sample.fsproj", "{581259B2-BDEE-403E-9A99-6A2C6EC682CB}"
EndProject
Global
	GlobalSection(SolutionConfigurationPlatforms) = preSolution
		Debug|Any CPU = Debug|Any CPU
		Release|Any CPU = Release|Any CPU
	EndGlobalSection
	GlobalSection(ProjectConfigurationPlatforms) = postSolution
		{27CF73E9-0B81-476C-BC0E-C9E16799D667}.Debug|Any CPU.ActiveCfg = Debug|Any CPU
		{27CF73E9-0B81-476C-BC0E-C9E16799D667}.Debug|Any CPU.Build.0 = Debug|Any CPU
		{27CF73E9-0B81-476C-BC0E-C9E16799D667}.Release|Any CPU.ActiveCfg = Release|Any CPU
		{27CF73E9-0B81-476C-BC0E-C9E16799D667}.Release|Any CPU.Build.0 = Release|Any CPU
		{581259B2-BDEE-403E-9A99-6A2C6EC682CB}.Debug|Any CPU.ActiveCfg = Debug|Any CPU
		{581259B2-BDEE-403E-9A99-6A2C6EC682CB}.Debug|Any CPU.Build.0 = Debug|Any CPU
		{581259B2-BDEE-403E-9A99-6A2C6EC682CB}.Release|Any CPU.ActiveCfg = Release|Any CPU
		{581259B2-BDEE-403E-9A99-6A2C6EC682CB}.Release|Any CPU.Build.0 = Release|Any CPU
	EndGlobalSection
	GlobalSection(SolutionProperties) = preSolution
		HideSolutionNode = FALSE
	EndGlobalSection
	GlobalSection(ExtensibilityGlobals) = postSolution
		SolutionGuid = {E68515D4-DD46-454B-A8FF-BCC444CEBC61}
	EndGlobalSection
EndGlobal
